
Microsoft Visual Studio Solution File, Format Version 12.00
# Visual Studio 15
VisualStudioVersion = 15.0.27703.2047
MinimumVisualStudioVersion = 10.0.40219.1
Project("{FAE04EC0-301F-11D3-BF4B-00C04F79EFBC}") = "28_08_18Lab", "28_08_18Lab\28_08_18Lab.csproj", "{FAA5C4CC-BDB9-4BB1-80CA-B20C0BE655AD}"
EndProject
Global
	GlobalSection(SolutionConfigurationPlatforms) = preSolution
		Debug|Any CPU = Debug|Any CPU
		Release|Any CPU = Release|Any CPU
	EndGlobalSection
	GlobalSection(ProjectConfigurationPlatforms) = postSolution
		{FAA5C4CC-BDB9-4BB1-80CA-B20C0BE655AD}.Debug|Any CPU.ActiveCfg = Debug|Any CPU
		{FAA5C4CC-BDB9-4BB1-80CA-B20C0BE655AD}.Debug|Any CPU.Build.0 = Debug|Any CPU
		{FAA5C4CC-BDB9-4BB1-80CA-B20C0BE655AD}.Release|Any CPU.ActiveCfg = Release|Any CPU
		{FAA5C4CC-BDB9-4BB1-80CA-B20C0BE655AD}.Release|Any CPU.Build.0 = Release|Any CPU
	EndGlobalSection
	GlobalSection(SolutionProperties) = preSolution
		HideSolutionNode = FALSE
	EndGlobalSection
	GlobalSection(ExtensibilityGlobals) = postSolution
		SolutionGuid = {B5F0FBB1-E075-4B4E-943B-BDC7219C521F}
	EndGlobalSection
EndGlobal
